
Microsoft Visual Studio Solution File, Format Version 12.00
# Visual Studio Version 16
VisualStudioVersion = 16.0.31829.152
MinimumVisualStudioVersion = 10.0.40219.1
Project("{9A19103F-16F7-4668-BE54-9A1E7A4F7556}") = "CurrencyApi", "CurrencyApi\CurrencyApi.csproj", "{98F07270-6F92-4495-94E6-F9D4FC66F995}"
EndProject
Project("{9A19103F-16F7-4668-BE54-9A1E7A4F7556}") = "Entities", "Entities\Entities.csproj", "{907E6839-CD8D-43F9-AB40-C6D83284856D}"
EndProject
Project("{9A19103F-16F7-4668-BE54-9A1E7A4F7556}") = "DataAccess", "DataAccess\DataAccess.csproj", "{BF2031FC-D9ED-4938-9109-367EC5525C73}"
EndProject
Project("{9A19103F-16F7-4668-BE54-9A1E7A4F7556}") = "Business", "Business\Business.csproj", "{F2233903-8EAB-40EF-ABEE-A251D0F5953C}"
EndProject
Project("{FAE04EC0-301F-11D3-BF4B-00C04F79EFBC}") = "CurrencyUnitTest", "CurrencyUnitTest\CurrencyUnitTest.csproj", "{5B6DCE6A-9CFF-46AA-AC24-42F7A7E1E0EB}"
EndProject
Global
	GlobalSection(SolutionConfigurationPlatforms) = preSolution
		Debug|Any CPU = Debug|Any CPU
		Release|Any CPU = Release|Any CPU
	EndGlobalSection
	GlobalSection(ProjectConfigurationPlatforms) = postSolution
		{98F07270-6F92-4495-94E6-F9D4FC66F995}.Debug|Any CPU.ActiveCfg = Debug|Any CPU
		{98F07270-6F92-4495-94E6-F9D4FC66F995}.Debug|Any CPU.Build.0 = Debug|Any CPU
		{98F07270-6F92-4495-94E6-F9D4FC66F995}.Release|Any CPU.ActiveCfg = Release|Any CPU
		{98F07270-6F92-4495-94E6-F9D4FC66F995}.Release|Any CPU.Build.0 = Release|Any CPU
		{907E6839-CD8D-43F9-AB40-C6D83284856D}.Debug|Any CPU.ActiveCfg = Debug|Any CPU
		{907E6839-CD8D-43F9-AB40-C6D83284856D}.Debug|Any CPU.Build.0 = Debug|Any CPU
		{907E6839-CD8D-43F9-AB40-C6D83284856D}.Release|Any CPU.ActiveCfg = Release|Any CPU
		{907E6839-CD8D-43F9-AB40-C6D83284856D}.Release|Any CPU.Build.0 = Release|Any CPU
		{BF2031FC-D9ED-4938-9109-367EC5525C73}.Debug|Any CPU.ActiveCfg = Debug|Any CPU
		{BF2031FC-D9ED-4938-9109-367EC5525C73}.Debug|Any CPU.Build.0 = Debug|Any CPU
		{BF2031FC-D9ED-4938-9109-367EC5525C73}.Release|Any CPU.ActiveCfg = Release|Any CPU
		{BF2031FC-D9ED-4938-9109-367EC5525C73}.Release|Any CPU.Build.0 = Release|Any CPU
		{F2233903-8EAB-40EF-ABEE-A251D0F5953C}.Debug|Any CPU.ActiveCfg = Debug|Any CPU
		{F2233903-8EAB-40EF-ABEE-A251D0F5953C}.Debug|Any CPU.Build.0 = Debug|Any CPU
		{F2233903-8EAB-40EF-ABEE-A251D0F5953C}.Release|Any CPU.ActiveCfg = Release|Any CPU
		{F2233903-8EAB-40EF-ABEE-A251D0F5953C}.Release|Any CPU.Build.0 = Release|Any CPU
		{5B6DCE6A-9CFF-46AA-AC24-42F7A7E1E0EB}.Debug|Any CPU.ActiveCfg = Debug|Any CPU
		{5B6DCE6A-9CFF-46AA-AC24-42F7A7E1E0EB}.Debug|Any CPU.Build.0 = Debug|Any CPU
		{5B6DCE6A-9CFF-46AA-AC24-42F7A7E1E0EB}.Release|Any CPU.ActiveCfg = Release|Any CPU
		{5B6DCE6A-9CFF-46AA-AC24-42F7A7E1E0EB}.Release|Any CPU.Build.0 = Release|Any CPU
	EndGlobalSection
	GlobalSection(SolutionProperties) = preSolution
		HideSolutionNode = FALSE
	EndGlobalSection
	GlobalSection(ExtensibilityGlobals) = postSolution
		SolutionGuid = {ED863602-8A28-4D0B-B174-73D5DFF7FC53}
	EndGlobalSection
EndGlobal
